
Microsoft Visual Studio Solution File, Format Version 12.00
# Visual Studio Version 16
VisualStudioVersion = 16.0.31313.79
MinimumVisualStudioVersion = 10.0.40219.1
Project("{FAE04EC0-301F-11D3-BF4B-00C04F79EFBC}") = "OrderDemoCoreMVC", "OrderDemoCoreMVC\OrderDemoCoreMVC.csproj", "{5B6D62EC-D1D8-4E2E-A2DF-C43883457615}"
EndProject
Global
	GlobalSection(SolutionConfigurationPlatforms) = preSolution
		Debug|Any CPU = Debug|Any CPU
		Release|Any CPU = Release|Any CPU
	EndGlobalSection
	GlobalSection(ProjectConfigurationPlatforms) = postSolution
		{5B6D62EC-D1D8-4E2E-A2DF-C43883457615}.Debug|Any CPU.ActiveCfg = Debug|Any CPU
		{5B6D62EC-D1D8-4E2E-A2DF-C43883457615}.Debug|Any CPU.Build.0 = Debug|Any CPU
		{5B6D62EC-D1D8-4E2E-A2DF-C43883457615}.Release|Any CPU.ActiveCfg = Release|Any CPU
		{5B6D62EC-D1D8-4E2E-A2DF-C43883457615}.Release|Any CPU.Build.0 = Release|Any CPU
	EndGlobalSection
	GlobalSection(SolutionProperties) = preSolution
		HideSolutionNode = FALSE
	EndGlobalSection
	GlobalSection(ExtensibilityGlobals) = postSolution
		SolutionGuid = {5F9369EF-22CC-4DB4-AE56-01C1C6680B0D}
	EndGlobalSection
EndGlobal
